PODS:
  - Nimble (7.3.4)
  - Quick (1.3.4)

DEPENDENCIES:
  - Nimble
  - Quick

SPEC REPOS:
  https://github.com/cocoapods/specs.git:
    - Nimble
    - Quick

SPEC CHECKSUMS:
  Nimble: 051e3d8912d40138fa5591c78594f95fb172af37
  Quick: f4f7f063c524394c73ed93ac70983c609805d481

PODFILE CHECKSUM: 6b4f14e915501c8333df6560911c8b8c1ce1da1b

COCOAPODS: 1.6.0
